{
  "requires": true,
  "lockfileVersion": 1,
  "dependencies": {
    "big-integer": {
      "version": "1.6.43",
      "resolved": "https://registry.npmjs.org/big-integer/-/big-integer-1.6.43.tgz",
      "integrity": "sha512-9dULc9jsKmXl0Aeunug8wbF+58n+hQoFjqClN7WeZwGLh0XJUWyJJ9Ee+Ep+Ql/J9fRsTVaeThp8MhiCCrY0Jg=="
    }
  }
}
